
Microsoft Visual Studio Solution File, Format Version 12.00
# Visual Studio Version 16
VisualStudioVersion = 16.0.30503.244
MinimumVisualStudioVersion = 10.0.40219.1
Project("{FAE04EC0-301F-11D3-BF4B-00C04F79EFBC}") = "TourApp", "TourApp\TourApp.csproj", "{9B46121C-484D-4C91-AAA0-ECFFF5018FC9}"
EndProject
Global
	GlobalSection(SolutionConfigurationPlatforms) = preSolution
		Debug|Any CPU = Debug|Any CPU
		Release|Any CPU = Release|Any CPU
	EndGlobalSection
	GlobalSection(ProjectConfigurationPlatforms) = postSolution
		{9B46121C-484D-4C91-AAA0-ECFFF5018FC9}.Debug|Any CPU.ActiveCfg = Debug|Any CPU
		{9B46121C-484D-4C91-AAA0-ECFFF5018FC9}.Debug|Any CPU.Build.0 = Debug|Any CPU
		{9B46121C-484D-4C91-AAA0-ECFFF5018FC9}.Release|Any CPU.ActiveCfg = Release|Any CPU
		{9B46121C-484D-4C91-AAA0-ECFFF5018FC9}.Release|Any CPU.Build.0 = Release|Any CPU
	EndGlobalSection
	GlobalSection(SolutionProperties) = preSolution
		HideSolutionNode = FALSE
	EndGlobalSection
	GlobalSection(ExtensibilityGlobals) = postSolution
		SolutionGuid = {85395B3F-CC53-40ED-9A92-FA3BDDC8C940}
	EndGlobalSection
EndGlobal
